// !$*UTF8*$!
{
	archiveVersion = 1;
	classes = {
	};
	objectVersion = 50;
	objects = {

/* Begin PBXBuildFile section */
		FC8F79E5268EAD4C00E43395 /* AppDelegate.swift in Sources */ = {isa = PBXBuildFile; fileRef = FC8F79E4268EAD4C00E43395 /* AppDelegate.swift */; };
		FC8F79E7268EAD4C00E43395 /* SceneDelegate.swift in Sources */ = {isa = PBXBuildFile; fileRef = FC8F79E6268EAD4C00E43395 /* SceneDelegate.swift */; };
		FC8F79E9268EAD4C00E43395 /* ReminderListViewController.swift in Sources */ = {isa = PBXBuildFile; fileRef = FC8F79E8268EAD4C00E43395 /* ReminderListViewController.swift */; };
		FC8F79EC268EAD4C00E43395 /* Main.storyboard in Resources */ = {isa = PBXBuildFile; fileRef = FC8F79EA268EAD4C00E43395 /* Main.storyboard */; };
		FC8F79EE268EAD5500E43395 /* Assets.xcassets in Resources */ = {isa = PBXBuildFile; fileRef = FC8F79ED268EAD5500E43395 /* Assets.xcassets */; };
		FC8F79F1268EAD5500E43395 /* LaunchScreen.storyboard in Resources */ = {isa = PBXBuildFile; fileRef = FC8F79EF268EAD5500E43395 /* LaunchScreen.storyboard */; };
		FC8F79FA268EADE400E43395 /* Reminder.swift in Sources */ = {isa = PBXBuildFile; fileRef = FC8F79F9268EADE400E43395 /* Reminder.swift */; };
		FC8F79FC268EB2E800E43395 /* ReminderListCell.swift in Sources */ = {isa = PBXBuildFile; fileRef = FC8F79FB268EB2E800E43395 /* ReminderListCell.swift */; };
		FC8F7A01268EF1B600E43395 /* ReminderDetailViewController.swift in Sources */ = {isa = PBXBuildFile; fileRef = FC8F7A00268EF1B600E43395 /* ReminderDetailViewController.swift */; };
		FC8F7A242691E68400E43395 /* ReminderListDataSource.swift in Sources */ = {isa = PBXBuildFile; fileRef = FC8F7A232691E68400E43395 /* ReminderListDataSource.swift */; };
		FC8F7A262691ECFD00E43395 /* ReminderDetailViewDataSource.swift in Sources */ = {isa = PBXBuildFile; fileRef = FC8F7A252691ECFD00E43395 /* ReminderDetailViewDataSource.swift */; };
		FC8F7A292691FCC000E43395 /* EditTitleCell.swift in Sources */ = {isa = PBXBuildFile; fileRef = FC8F7A282691FCC000E43395 /* EditTitleCell.swift */; };
		FC8F7A2B2691FD1600E43395 /* EditDateCell.swift in Sources */ = {isa = PBXBuildFile; fileRef = FC8F7A2A2691FD1600E43395 /* EditDateCell.swift */; };
		FC8F7A2D2691FD6700E43395 /* EditNotesCell.swift in Sources */ = {isa = PBXBuildFile; fileRef = FC8F7A2C2691FD6700E43395 /* EditNotesCell.swift */; };
		FC8F7A3026921FA800E43395 /* ReminderDetailEditDataSource.swift in Sources */ = {isa = PBXBuildFile; fileRef = FC8F7A2F26921FA800E43395 /* ReminderDetailEditDataSource.swift */; };
/* End PBXBuildFile section */

/* Begin PBXFileReference section */
		FC8F79E1268EAD4C00E43395 /* Today.app */ = {isa = PBXFileReference; explicitFileType = wrapper.application; includeInIndex = 0; path = Today.app; sourceTree = BUILT_PRODUCTS_DIR; };
		FC8F79E4268EAD4C00E43395 /* AppDelegate.swift */ = {isa = PBXFileReference; lastKnownFileType = sourcecode.swift; path = AppDelegate.swift; sourceTree = "<group>"; };
		FC8F79E6268EAD4C00E43395 /* SceneDelegate.swift */ = {isa = PBXFileReference; lastKnownFileType = sourcecode.swift; path = SceneDelegate.swift; sourceTree = "<group>"; };
		FC8F79E8268EAD4C00E43395 /* ReminderListViewController.swift */ = {isa = PBXFileReference; lastKnownFileType = sourcecode.swift; path = ReminderListViewController.swift; sourceTree = "<group>"; };
		FC8F79EB268EAD4C00E43395 /* Base */ = {isa = PBXFileReference; lastKnownFileType = file.storyboard; name = Base; path = Base.lproj/Main.storyboard; sourceTree = "<group>"; };
		FC8F79ED268EAD5500E43395 /* Assets.xcassets */ = {isa = PBXFileReference; lastKnownFileType = folder.assetcatalog; path = Assets.xcassets; sourceTree = "<group>"; };
		FC8F79F0268EAD5500E43395 /* Base */ = {isa = PBXFileReference; lastKnownFileType = file.storyboard; name = Base; path = Base.lproj/LaunchScreen.storyboard; sourceTree = "<group>"; };
		FC8F79F2268EAD5500E43395 /* Info.plist */ = {isa = PBXFileReference; lastKnownFileType = text.plist.xml; path = Info.plist; sourceTree = "<group>"; };
		FC8F79F9268EADE400E43395 /* Reminder.swift */ = {isa = PBXFileReference; lastKnownFileType = sourcecode.swift; path = Reminder.swift; sourceTree = "<group>"; };
		FC8F79FB268EB2E800E43395 /* ReminderListCell.swift */ = {isa = PBXFileReference; lastKnownFileType = sourcecode.swift; path = ReminderListCell.swift; sourceTree = "<group>"; };
		FC8F7A00268EF1B600E43395 /* ReminderDetailViewController.swift */ = {isa = PBXFileReference; lastKnownFileType = sourcecode.swift; path = ReminderDetailViewController.swift; sourceTree = "<group>"; };
		FC8F7A232691E68400E43395 /* ReminderListDataSource.swift */ = {isa = PBXFileReference; lastKnownFileType = sourcecode.swift; path = ReminderListDataSource.swift; sourceTree = "<group>"; };
		FC8F7A252691ECFD00E43395 /* ReminderDetailViewDataSource.swift */ = {isa = PBXFileReference; lastKnownFileType = sourcecode.swift; path = ReminderDetailViewDataSource.swift; sourceTree = "<group>"; };
		FC8F7A282691FCC000E43395 /* EditTitleCell.swift */ = {isa = PBXFileReference; lastKnownFileType = sourcecode.swift; path = EditTitleCell.swift; sourceTree = "<group>"; };
		FC8F7A2A2691FD1600E43395 /* EditDateCell.swift */ = {isa = PBXFileReference; lastKnownFileType = sourcecode.swift; path = EditDateCell.swift; sourceTree = "<group>"; };
		FC8F7A2C2691FD6700E43395 /* EditNotesCell.swift */ = {isa = PBXFileReference; lastKnownFileType = sourcecode.swift; path = EditNotesCell.swift; sourceTree = "<group>"; };
		FC8F7A2F26921FA800E43395 /* ReminderDetailEditDataSource.swift */ = {isa = PBXFileReference; lastKnownFileType = sourcecode.swift; path = ReminderDetailEditDataSource.swift; sourceTree = "<group>"; };
/* End PBXFileReference section */

/* Begin PBXFrameworksBuildPhase section */
		FC8F79DE268EAD4C00E43395 /* Frameworks */ = {
			isa = PBXFrameworksBuildPhase;
			buildActionMask = 2147483647;
			files = (
			);
			runOnlyForDeploymentPostprocessing = 0;
		};
/* End PBXFrameworksBuildPhase section */

/* Begin PBXGroup section */
		FC8F79D8268EAD4C00E43395 = {
			isa = PBXGroup;
			children = (
				FC8F79E3268EAD4C00E43395 /* Today */,
				FC8F79E2268EAD4C00E43395 /* Products */,
			);
			sourceTree = "<group>";
		};
		FC8F79E2268EAD4C00E43395 /* Products */ = {
			isa = PBXGroup;
			children = (
				FC8F79E1268EAD4C00E43395 /* Today.app */,
			);
			name = Products;
			sourceTree = "<group>";
		};
		FC8F79E3268EAD4C00E43395 /* Today */ = {
			isa = PBXGroup;
			children = (
				FC8F79F8268EADD100E43395 /* App */,
				FC8F79FE268EF19300E43395 /* ReminderList */,
				FC8F79FF268EF1A200E43395 /* ReminderDetail */,
				FC8F79F9268EADE400E43395 /* Reminder.swift */,
				FC8F79ED268EAD5500E43395 /* Assets.xcassets */,
				FC8F79EF268EAD5500E43395 /* LaunchScreen.storyboard */,
				FC8F79F2268EAD5500E43395 /* Info.plist */,
			);
			path = Today;
			sourceTree = "<group>";
		};
		FC8F79F8268EADD100E43395 /* App */ = {
			isa = PBXGroup;
			children = (
				FC8F79E4268EAD4C00E43395 /* AppDelegate.swift */,
				FC8F79E6268EAD4C00E43395 /* SceneDelegate.swift */,
			);
			path = App;
			sourceTree = "<group>";
		};
		FC8F79FD268EF17E00E43395 /* Cell */ = {
			isa = PBXGroup;
			children = (
				FC8F79FB268EB2E800E43395 /* ReminderListCell.swift */,
			);
			name = Cell;
			path = ..;
			sourceTree = "<group>";
		};
		FC8F79FE268EF19300E43395 /* ReminderList */ = {
			isa = PBXGroup;
			children = (
				FC8F79FD268EF17E00E43395 /* Cell */,
				FC8F79EA268EAD4C00E43395 /* Main.storyboard */,
				FC8F79E8268EAD4C00E43395 /* ReminderListViewController.swift */,
				FC8F7A232691E68400E43395 /* ReminderListDataSource.swift */,
			);
			path = ReminderList;
			sourceTree = "<group>";
		};
		FC8F79FF268EF1A200E43395 /* ReminderDetail */ = {
			isa = PBXGroup;
			children = (
				FC8F7A272691FCA200E43395 /* Cell */,
				FC8F7A2F26921FA800E43395 /* ReminderDetailEditDataSource.swift */,
				FC8F7A00268EF1B600E43395 /* ReminderDetailViewController.swift */,
				FC8F7A252691ECFD00E43395 /* ReminderDetailViewDataSource.swift */,
			);
			path = ReminderDetail;
			sourceTree = "<group>";
		};
		FC8F7A272691FCA200E43395 /* Cell */ = {
			isa = PBXGroup;
			children = (
				FC8F7A282691FCC000E43395 /* EditTitleCell.swift */,
				FC8F7A2A2691FD1600E43395 /* EditDateCell.swift */,
				FC8F7A2C2691FD6700E43395 /* EditNotesCell.swift */,
			);
			path = Cell;
			sourceTree = "<group>";
		};
/* End PBXGroup section */

/* Begin PBXNativeTarget section */
		FC8F79E0268EAD4C00E43395 /* Today */ = {
			isa = PBXNativeTarget;
			buildConfigurationList = FC8F79F5268EAD5500E43395 /* Build configuration list for PBXNativeTarget "Today" */;
			buildPhases = (
				FC8F79DD268EAD4C00E43395 /* Sources */,
				FC8F79DE268EAD4C00E43395 /* Frameworks */,
				FC8F79DF268EAD4C00E43395 /* Resources */,
			);
			buildRules = (
			);
			dependencies = (
			);
			name = Today;
			productName = Today;
			productReference = FC8F79E1268EAD4C00E43395 /* Today.app */;
			productType = "com.apple.product-type.application";
		};
/* End PBXNativeTarget section */

/* Begin PBXProject section */
		FC8F79D9268EAD4C00E43395 /* Project object */ = {
			isa = PBXProject;
			attributes = {
				LastSwiftUpdateCheck = 1250;
				LastUpgradeCheck = 1250;
				TargetAttributes = {
					FC8F79E0268EAD4C00E43395 = {
						CreatedOnToolsVersion = 12.5;
					};
				};
			};
			buildConfigurationList = FC8F79DC268EAD4C00E43395 /* Build configuration list for PBXProject "Today" */;
			compatibilityVersion = "Xcode 9.3";
			developmentRegion = en;
			hasScannedForEncodings = 0;
			knownRegions = (
				en,
				Base,
			);
			mainGroup = FC8F79D8268EAD4C00E43395;
			productRefGroup = FC8F79E2268EAD4C00E43395 /* Products */;
			projectDirPath = "";
			projectRoot = "";
			targets = (
				FC8F79E0268EAD4C00E43395 /* Today */,
			);
		};
/* End PBXProject section */

/* Begin PBXResourcesBuildPhase section */
		FC8F79DF268EAD4C00E43395 /* Resources */ = {
			isa = PBXResourcesBuildPhase;
			buildActionMask = 2147483647;
			files = (
				FC8F79F1268EAD5500E43395 /* LaunchScreen.storyboard in Resources */,
				FC8F79EE268EAD5500E43395 /* Assets.xcassets in Resources */,
				FC8F79EC268EAD4C00E43395 /* Main.storyboard in Resources */,
			);
			runOnlyForDeploymentPostprocessing = 0;
		};
/* End PBXResourcesBuildPhase section */

/* Begin PBXSourcesBuildPhase section */
		FC8F79DD268EAD4C00E43395 /* Sources */ = {
			isa = PBXSourcesBuildPhase;
			buildActionMask = 2147483647;
			files = (
				FC8F79E9268EAD4C00E43395 /* ReminderListViewController.swift in Sources */,
				FC8F79FC268EB2E800E43395 /* ReminderListCell.swift in Sources */,
				FC8F7A292691FCC000E43395 /* EditTitleCell.swift in Sources */,
				FC8F79E5268EAD4C00E43395 /* AppDelegate.swift in Sources */,
				FC8F7A01268EF1B600E43395 /* ReminderDetailViewController.swift in Sources */,
				FC8F7A262691ECFD00E43395 /* ReminderDetailViewDataSource.swift in Sources */,
				FC8F79E7268EAD4C00E43395 /* SceneDelegate.swift in Sources */,
				FC8F7A2D2691FD6700E43395 /* EditNotesCell.swift in Sources */,
				FC8F7A2B2691FD1600E43395 /* EditDateCell.swift in Sources */,
				FC8F79FA268EADE400E43395 /* Reminder.swift in Sources */,
				FC8F7A242691E68400E43395 /* ReminderListDataSource.swift in Sources */,
				FC8F7A3026921FA800E43395 /* ReminderDetailEditDataSource.swift in Sources */,
			);
			runOnlyForDeploymentPostprocessing = 0;
		};
/* End PBXSourcesBuildPhase section */

/* Begin PBXVariantGroup section */
		FC8F79EA268EAD4C00E43395 /* Main.storyboard */ = {
			isa = PBXVariantGroup;
			children = (
				FC8F79EB268EAD4C00E43395 /* Base */,
			);
			name = Main.storyboard;
			sourceTree = "<group>";
		};
		FC8F79EF268EAD5500E43395 /* LaunchScreen.storyboard */ = {
			isa = PBXVariantGroup;
			children = (
				FC8F79F0268EAD5500E43395 /* Base */,
			);
			name = LaunchScreen.storyboard;
			sourceTree = "<group>";
		};
/* End PBXVariantGroup section */

/* Begin XCBuildConfiguration section */
		FC8F79F3268EAD5500E43395 /* Debug */ = {
			isa = XCBuildConfiguration;
			buildSettings = {
				ALWAYS_SEARCH_USER_PATHS = NO;
				CLANG_ANALYZER_NONNULL = YES;
				CLANG_ANALYZER_NUMBER_OBJECT_CONVERSION = YES_AGGRESSIVE;
				CLANG_CXX_LANGUAGE_STANDARD = "gnu++14";
				CLANG_CXX_LIBRARY = "libc++";
				CLANG_ENABLE_MODULES = YES;
				CLANG_ENABLE_OBJC_ARC = YES;
				CLANG_ENABLE_OBJC_WEAK = YES;
				CLANG_WARN_BLOCK_CAPTURE_AUTORELEASING = YES;
				CLANG_WARN_BOOL_CONVERSION = YES;
				CLANG_WARN_COMMA = YES;
				CLANG_WARN_CONSTANT_CONVERSION = YES;
				CLANG_WARN_DEPRECATED_OBJC_IMPLEMENTATIONS = YES;
				CLANG_WARN_DIRECT_OBJC_ISA_USAGE = YES_ERROR;
				CLANG_WARN_DOCUMENTATION_COMMENTS = YES;
				CLANG_WARN_EMPTY_BODY = YES;
				CLANG_WARN_ENUM_CONVERSION = YES;
				CLANG_WARN_INFINITE_RECURSION = YES;
				CLANG_WARN_INT_CONVERSION = YES;
				CLANG_WARN_NON_LITERAL_NULL_CONVERSION = YES;
				CLANG_WARN_OBJC_IMPLICIT_RETAIN_SELF = YES;
				CLANG_WARN_OBJC_LITERAL_CONVERSION = YES;
				CLANG_WARN_OBJC_ROOT_CLASS = YES_ERROR;
				CLANG_WARN_QUOTED_INCLUDE_IN_FRAMEWORK_HEADER = YES;
				CLANG_WARN_RANGE_LOOP_ANALYSIS = YES;
				CLANG_WARN_STRICT_PROTOTYPES = YES;
				CLANG_WARN_SUSPICIOUS_MOVE = YES;
				CLANG_WARN_UNGUARDED_AVAILABILITY = YES_AGGRESSIVE;
				CLANG_WARN_UNREACHABLE_CODE = YES;
				CLANG_WARN__DUPLICATE_METHOD_MATCH = YES;
				COPY_PHASE_STRIP = NO;
				DEBUG_INFORMATION_FORMAT = dwarf;
				ENABLE_STRICT_OBJC_MSGSEND = YES;
				ENABLE_TESTABILITY = YES;
				GCC_C_LANGUAGE_STANDARD = gnu11;
				GCC_DYNAMIC_NO_PIC = NO;
				GCC_NO_COMMON_BLOCKS = YES;
				GCC_OPTIMIZATION_LEVEL = 0;
				GCC_PREPROCESSOR_DEFINITIONS = (
					"DEBUG=1",
					"$(inherited)",
				);
				GCC_WARN_64_TO_32_BIT_CONVERSION = YES;
				GCC_WARN_ABOUT_RETURN_TYPE = YES_ERROR;
				GCC_WARN_UNDECLARED_SELECTOR = YES;
				GCC_WARN_UNINITIALIZED_AUTOS = YES_AGGRESSIVE;
				GCC_WARN_UNUSED_FUNCTION = YES;
				GCC_WARN_UNUSED_VARIABLE = YES;
				IPHONEOS_DEPLOYMENT_TARGET = 14.5;
				MTL_ENABLE_DEBUG_INFO = INCLUDE_SOURCE;
				MTL_FAST_MATH = YES;
				ONLY_ACTIVE_ARCH = YES;
				SDKROOT = iphoneos;
				SWIFT_ACTIVE_COMPILATION_CONDITIONS = DEBUG;
				SWIFT_OPTIMIZATION_LEVEL = "-Onone";
			};
			name = Debug;
		};
		FC8F79F4268EAD5500E43395 /* Release */ = {
			isa = XCBuildConfiguration;
			buildSettings = {
				ALWAYS_SEARCH_USER_PATHS = NO;
				CLANG_ANALYZER_NONNULL = YES;
				CLANG_ANALYZER_NUMBER_OBJECT_CONVERSION = YES_AGGRESSIVE;
				CLANG_CXX_LANGUAGE_STANDARD = "gnu++14";
				CLANG_CXX_LIBRARY = "libc++";
				CLANG_ENABLE_MODULES = YES;
				CLANG_ENABLE_OBJC_ARC = YES;
				CLANG_ENABLE_OBJC_WEAK = YES;
				CLANG_WARN_BLOCK_CAPTURE_AUTORELEASING = YES;
				CLANG_WARN_BOOL_CONVERSION = YES;
				CLANG_WARN_COMMA = YES;
				CLANG_WARN_CONSTANT_CONVERSION = YES;
				CLANG_WARN_DEPRECATED_OBJC_IMPLEMENTATIONS = YES;
				CLANG_WARN_DIRECT_OBJC_ISA_USAGE = YES_ERROR;
				CLANG_WARN_DOCUMENTATION_COMMENTS = YES;
				CLANG_WARN_EMPTY_BODY = YES;
				CLANG_WARN_ENUM_CONVERSION = YES;
				CLANG_WARN_INFINITE_RECURSION = YES;
				CLANG_WARN_INT_CONVERSION = YES;
				CLANG_WARN_NON_LITERAL_NULL_CONVERSION = YES;
				CLANG_WARN_OBJC_IMPLICIT_RETAIN_SELF = YES;
				CLANG_WARN_OBJC_LITERAL_CONVERSION = YES;
				CLANG_WARN_OBJC_ROOT_CLASS = YES_ERROR;
				CLANG_WARN_QUOTED_INCLUDE_IN_FRAMEWORK_HEADER = YES;
				CLANG_WARN_RANGE_LOOP_ANALYSIS = YES;
				CLANG_WARN_STRICT_PROTOTYPES = YES;
				CLANG_WARN_SUSPICIOUS_MOVE = YES;
				CLANG_WARN_UNGUARDED_AVAILABILITY = YES_AGGRESSIVE;
				CLANG_WARN_UNREACHABLE_CODE = YES;
				CLANG_WARN__DUPLICATE_METHOD_MATCH = YES;
				COPY_PHASE_STRIP = NO;
				DEBUG_INFORMATION_FORMAT = "dwarf-with-dsym";
				ENABLE_NS_ASSERTIONS = NO;
				ENABLE_STRICT_OBJC_MSGSEND = YES;
				GCC_C_LANGUAGE_STANDARD = gnu11;
				GCC_NO_COMMON_BLOCKS = YES;
				GCC_WARN_64_TO_32_BIT_CONVERSION = YES;
				GCC_WARN_ABOUT_RETURN_TYPE = YES_ERROR;
				GCC_WARN_UNDECLARED_SELECTOR = YES;
				GCC_WARN_UNINITIALIZED_AUTOS = YES_AGGRESSIVE;
				GCC_WARN_UNUSED_FUNCTION = YES;
				GCC_WARN_UNUSED_VARIABLE = YES;
				IPHONEOS_DEPLOYMENT_TARGET = 14.5;
				MTL_ENABLE_DEBUG_INFO = NO;
				MTL_FAST_MATH = YES;
				SDKROOT = iphoneos;
				SWIFT_COMPILATION_MODE = wholemodule;
				SWIFT_OPTIMIZATION_LEVEL = "-O";
				VALIDATE_PRODUCT = YES;
			};
			name = Release;
		};
		FC8F79F6268EAD5500E43395 /* Debug */ = {
			isa = XCBuildConfiguration;
			buildSettings = {
				ASSETCATALOG_COMPILER_APPICON_NAME = AppIcon;
				ASSETCATALOG_COMPILER_GLOBAL_ACCENT_COLOR_NAME = AccentColor;
				CODE_SIGN_STYLE = Automatic;
				DEVELOPMENT_TEAM = 62R8899FU5;
				INFOPLIST_FILE = Today/Info.plist;
				LD_RUNPATH_SEARCH_PATHS = (
					"$(inherited)",
					"@executable_path/Frameworks",
				);
				PRODUCT_BUNDLE_IDENTIFIER = com.miseri.Today;
				PRODUCT_NAME = "$(TARGET_NAME)";
				SWIFT_VERSION = 5.0;
				TARGETED_DEVICE_FAMILY = "1,2";
			};
			name = Debug;
		};
		FC8F79F7268EAD5500E43395 /* Release */ = {
			isa = XCBuildConfiguration;
			buildSettings = {
				ASSETCATALOG_COMPILER_APPICON_NAME = AppIcon;
				ASSETCATALOG_COMPILER_GLOBAL_ACCENT_COLOR_NAME = AccentColor;
				CODE_SIGN_STYLE = Automatic;
				DEVELOPMENT_TEAM = 62R8899FU5;
				INFOPLIST_FILE = Today/Info.plist;
				LD_RUNPATH_SEARCH_PATHS = (
					"$(inherited)",
					"@executable_path/Frameworks",
				);
				PRODUCT_BUNDLE_IDENTIFIER = com.miseri.Today;
				PRODUCT_NAME = "$(TARGET_NAME)";
				SWIFT_VERSION = 5.0;
				TARGETED_DEVICE_FAMILY = "1,2";
			};
			name = Release;
		};
/* End XCBuildConfiguration section */

/* Begin XCConfigurationList section */
		FC8F79DC268EAD4C00E43395 /* Build configuration list for PBXProject "Today" */ = {
			isa = XCConfigurationList;
			buildConfigurations = (
				FC8F79F3268EAD5500E43395 /* Debug */,
				FC8F79F4268EAD5500E43395 /* Release */,
			);
			defaultConfigurationIsVisible = 0;
			defaultConfigurationName = Release;
		};
		FC8F79F5268EAD5500E43395 /* Build configuration list for PBXNativeTarget "Today" */ = {
			isa = XCConfigurationList;
			buildConfigurations = (
				FC8F79F6268EAD5500E43395 /* Debug */,
				FC8F79F7268EAD5500E43395 /* Release */,
			);
			defaultConfigurationIsVisible = 0;
			defaultConfigurationName = Release;
		};
/* End XCConfigurationList section */
	};
	rootObject = FC8F79D9268EAD4C00E43395 /* Project object */;
}
